
Microsoft Visual Studio Solution File, Format Version 12.00
# Visual Studio Version 17
VisualStudioVersion = 17.10.35027.167
MinimumVisualStudioVersion = 10.0.40219.1
Project("{FAE04EC0-301F-11D3-BF4B-00C04F79EFBC}") = "WPF", "WPF.csproj", "{D41E62A8-422F-4B48-950F-99AFBD648F34}"
EndProject
Project("{FAE04EC0-301F-11D3-BF4B-00C04F79EFBC}") = "ClassLibrary", "..\ClassLibrary\ClassLibrary.csproj", "{4C782864-71CD-422B-8248-1D5F0A3B14C8}"
EndProject
Project("{FAE04EC0-301F-11D3-BF4B-00C04F79EFBC}") = "Core", "..\Core\Core.csproj", "{3AB7F7B3-13FB-45B6-BBED-957DD17F8E39}"
EndProject
Global
	GlobalSection(SolutionConfigurationPlatforms) = preSolution
		Debug|Any CPU = Debug|Any CPU
		Release|Any CPU = Release|Any CPU
	EndGlobalSection
	GlobalSection(ProjectConfigurationPlatforms) = postSolution
		{D41E62A8-422F-4B48-950F-99AFBD648F34}.Debug|Any CPU.ActiveCfg = Debug|Any CPU
		{D41E62A8-422F-4B48-950F-99AFBD648F34}.Debug|Any CPU.Build.0 = Debug|Any CPU
		{D41E62A8-422F-4B48-950F-99AFBD648F34}.Release|Any CPU.ActiveCfg = Release|Any CPU
		{D41E62A8-422F-4B48-950F-99AFBD648F34}.Release|Any CPU.Build.0 = Release|Any CPU
		{4C782864-71CD-422B-8248-1D5F0A3B14C8}.Debug|Any CPU.ActiveCfg = Debug|Any CPU
		{4C782864-71CD-422B-8248-1D5F0A3B14C8}.Debug|Any CPU.Build.0 = Debug|Any CPU
		{4C782864-71CD-422B-8248-1D5F0A3B14C8}.Release|Any CPU.ActiveCfg = Release|Any CPU
		{4C782864-71CD-422B-8248-1D5F0A3B14C8}.Release|Any CPU.Build.0 = Release|Any CPU
		{3AB7F7B3-13FB-45B6-BBED-957DD17F8E39}.Debug|Any CPU.ActiveCfg = Debug|Any CPU
		{3AB7F7B3-13FB-45B6-BBED-957DD17F8E39}.Debug|Any CPU.Build.0 = Debug|Any CPU
		{3AB7F7B3-13FB-45B6-BBED-957DD17F8E39}.Release|Any CPU.ActiveCfg = Release|Any CPU
		{3AB7F7B3-13FB-45B6-BBED-957DD17F8E39}.Release|Any CPU.Build.0 = Release|Any CPU
	EndGlobalSection
	GlobalSection(SolutionProperties) = preSolution
		HideSolutionNode = FALSE
	EndGlobalSection
	GlobalSection(ExtensibilityGlobals) = postSolution
		SolutionGuid = {39A8085A-8815-47FB-A0E4-44EDE5207303}
	EndGlobalSection
EndGlobal
